<?xml version="1.0" encoding="utf-8"?>
<Project ToolsVersion="4.0" xmlns="http://schemas.microsoft.com/developer/msbuild/2003">
  <ItemGroup>
    <Filter Include="Source Files">
      <UniqueIdentifier>{4FC737F1-C7A5-4376-A066-2A32D752A2FF}</UniqueIdentifier>
      <Extensions>cpp;c;cc;cxx;c++;cppm;ixx;def;odl;idl;hpj;bat;asm;asmx</Extensions>
    </Filter>
    <Filter Include="Header Files">
      <UniqueIdentifier>{93995380-89BD-4b04-88EB-625FBE52EBFB}</UniqueIdentifier>
      <Extensions>h;hh;hpp;hxx;h++;hm;inl;inc;ipp;xsd</Extensions>
    </Filter>
    <Filter Include="Resource Files">
      <UniqueIdentifier>{67DA6AB6-F800-4c08-8B7A-83BB121AAD01}</UniqueIdentifier>
      <Extensions>rc;ico;cur;bmp;dlg;rc2;rct;bin;rgs;gif;jpg;jpeg;jpe;resx;tiff;tif;png;wav;mfcribbon-ms</Extensions>
    </Filter>
    <Filter Include="TestData">
      <UniqueIdentifier>{efc3fcca-b0d3-4101-ab2f-f8d23ac27790}</UniqueIdentifier>
    </Filter>
    <Filter Include="Header Files\Test">
      <UniqueIdentifier>{3d1dda2b-860e-4cfb-bbb7-421a06b2b19f}</UniqueIdentifier>
    </Filter>
    <Filter Include="Source Files\Test">
      <UniqueIdentifier>{d4bcb242-81d8-4019-9b26-8734af0d2b88}</UniqueIdentifier>
    </Filter>
    <Filter Include="Header Files\Kernels">
      <UniqueIdentifier>{66004689-aeb4-44df-90d9-b6df155a2462}</UniqueIdentifier>
    </Filter>
    <Filter Include="Source Files\Kernels">
      <UniqueIdentifier>{763e1dbe-a416-48e6-ab39-709990dbf270}</UniqueIdentifier>
    </Filter>
  </ItemGroup>
  <ItemGroup>
    <ClCompile Include="AutoGrad.cpp">
      <Filter>Source Files</Filter>
    </ClCompile>
    <ClCompile Include="Random.cpp">
      <Filter>Source Files</Filter>
    </ClCompile>
    <ClCompile Include="String.cpp">
      <Filter>Source Files</Filter>
    </ClCompile>
    <ClCompile Include="Tools.cpp">
      <Filter>Source Files</Filter>
    </ClCompile>
    <ClCompile Include="Test.cpp">
      <Filter>Source Files\Test</Filter>
    </ClCompile>
    <ClCompile Include="Test_Distribution.cpp">
      <Filter>Source Files\Test</Filter>
    </ClCompile>
    <ClCompile Include="Test_Linear.cpp">
      <Filter>Source Files\Test</Filter>
    </ClCompile>
    <ClCompile Include="Test_NDArray.cpp">
      <Filter>Source Files\Test</Filter>
    </ClCompile>
    <ClCompile Include="Test_Tensor.cpp">
      <Filter>Source Files\Test</Filter>
    </ClCompile>
    <ClCompile Include="Test_Embedding.cpp">
      <Filter>Source Files\Test</Filter>
    </ClCompile>
    <ClCompile Include="NDAllocator.cpp">
      <Filter>Source Files</Filter>
    </ClCompile>
    <ClCompile Include="NDThreadPool.cpp">
      <Filter>Source Files</Filter>
    </ClCompile>
    <ClCompile Include="KoCat.cpp">
      <Filter>Source Files\Kernels</Filter>
    </ClCompile>
    <ClCompile Include="KoAdd.cpp">
      <Filter>Source Files\Kernels</Filter>
    </ClCompile>
    <ClCompile Include="KoMul.cpp">
      <Filter>Source Files\Kernels</Filter>
    </ClCompile>
    <ClCompile Include="KoDot.cpp">
      <Filter>Source Files\Kernels</Filter>
    </ClCompile>
    <ClCompile Include="KoCrossEntropy.cpp">
      <Filter>Source Files\Kernels</Filter>
    </ClCompile>
    <ClCompile Include="KoMaskedFill.cpp">
      <Filter>Source Files\Kernels</Filter>
    </ClCompile>
    <ClCompile Include="KoDiv.cpp">
      <Filter>Source Files\Kernels</Filter>
    </ClCompile>
    <ClCompile Include="KoReshape.cpp">
      <Filter>Source Files\Kernels</Filter>
    </ClCompile>
    <ClCompile Include="KoExp.cpp">
      <Filter>Source Files\Kernels</Filter>
    </ClCompile>
    <ClCompile Include="KoSum.cpp">
      <Filter>Source Files\Kernels</Filter>
    </ClCompile>
    <ClCompile Include="KoNeg.cpp">
      <Filter>Source Files\Kernels</Filter>
    </ClCompile>
    <ClCompile Include="KoMean.cpp">
      <Filter>Source Files\Kernels</Filter>
    </ClCompile>
    <ClCompile Include="KoRelu.cpp">
      <Filter>Source Files\Kernels</Filter>
    </ClCompile>
    <ClCompile Include="KoGather.cpp">
      <Filter>Source Files\Kernels</Filter>
    </ClCompile>
    <ClCompile Include="KoSub.cpp">
      <Filter>Source Files\Kernels</Filter>
    </ClCompile>
    <ClCompile Include="KoIndexSelect.cpp">
      <Filter>Source Files\Kernels</Filter>
    </ClCompile>
    <ClCompile Include="KoPow.cpp">
      <Filter>Source Files\Kernels</Filter>
    </ClCompile>
    <ClCompile Include="KoDropout.cpp">
      <Filter>Source Files\Kernels</Filter>
    </ClCompile>
    <ClCompile Include="KoTranspose.cpp">
      <Filter>Source Files\Kernels</Filter>
    </ClCompile>
    <ClCompile Include="KoLog.cpp">
      <Filter>Source Files\Kernels</Filter>
    </ClCompile>
    <ClCompile Include="KoTanh.cpp">
      <Filter>Source Files\Kernels</Filter>
    </ClCompile>
    <ClCompile Include="KoRepeat.cpp">
      <Filter>Source Files\Kernels</Filter>
    </ClCompile>
    <ClCompile Include="KoSqueeze.cpp">
      <Filter>Source Files\Kernels</Filter>
    </ClCompile>
    <ClCompile Include="KoUnsqueeze.cpp">
      <Filter>Source Files\Kernels</Filter>
    </ClCompile>
    <ClCompile Include="KoSlice.cpp">
      <Filter>Source Files\Kernels</Filter>
    </ClCompile>
    <ClCompile Include="KoArgMax.cpp">
      <Filter>Source Files\Kernels</Filter>
    </ClCompile>
    <ClCompile Include="KoMax.cpp">
      <Filter>Source Files\Kernels</Filter>
    </ClCompile>
    <ClCompile Include="Test_NDThreadPool.cpp">
      <Filter>Source Files\Test</Filter>
    </ClCompile>
  </ItemGroup>
  <ItemGroup>
    <ClInclude Include="Layer.h">
      <Filter>Header Files</Filter>
    </ClInclude>
    <ClInclude Include="Linear.h">
      <Filter>Header Files</Filter>
    </ClInclude>
    <ClInclude Include="Tensor.h">
      <Filter>Header Files</Filter>
    </ClInclude>
    <ClInclude Include="Sequential.h">
      <Filter>Header Files</Filter>
    </ClInclude>
    <ClInclude Include="Embedding.h">
      <Filter>Header Files</Filter>
    </ClInclude>
    <ClInclude Include="Tanh.h">
      <Filter>Header Files</Filter>
    </ClInclude>
    <ClInclude Include="CrossEntropyLoss.h">
      <Filter>Header Files</Filter>
    </ClInclude>
    <ClInclude Include="SGD.h">
      <Filter>Header Files</Filter>
    </ClInclude>
    <ClInclude Include="Random.h">
      <Filter>Header Files</Filter>
    </ClInclude>
    <ClInclude Include="RmsProp.h">
      <Filter>Header Files</Filter>
    </ClInclude>
    <ClInclude Include="MSELoss.h">
      <Filter>Header Files</Filter>
    </ClInclude>
    <ClInclude Include="Optimiser.h">
      <Filter>Header Files</Filter>
    </ClInclude>
    <ClInclude Include="Exceptions.h">
      <Filter>Header Files</Filter>
    </ClInclude>
    <ClInclude Include="CategoricalDistribution.h">
      <Filter>Header Files</Filter>
    </ClInclude>
    <ClInclude Include="NDArray.h">
      <Filter>Header Files</Filter>
    </ClInclude>
    <ClInclude Include="Model.h">
      <Filter>Header Files</Filter>
    </ClInclude>
    <ClInclude Include="String.h">
      <Filter>Header Files</Filter>
    </ClInclude>
    <ClInclude Include="Files.h">
      <Filter>Header Files</Filter>
    </ClInclude>
    <ClInclude Include="Tools.h">
      <Filter>Header Files</Filter>
    </ClInclude>
    <ClInclude Include="Test.h">
      <Filter>Header Files\Test</Filter>
    </ClInclude>
    <ClInclude Include="Test_Distribution.h">
      <Filter>Header Files\Test</Filter>
    </ClInclude>
    <ClInclude Include="Test_Linear.h">
      <Filter>Header Files\Test</Filter>
    </ClInclude>
    <ClInclude Include="Test_NDArray.h">
      <Filter>Header Files\Test</Filter>
    </ClInclude>
    <ClInclude Include="Test_Tensor.h">
      <Filter>Header Files\Test</Filter>
    </ClInclude>
    <ClInclude Include="Test_Embedding.h">
      <Filter>Header Files\Test</Filter>
    </ClInclude>
    <ClInclude Include="Dropout.h">
      <Filter>Header Files</Filter>
    </ClInclude>
    <ClInclude Include="NDShape.h">
      <Filter>Header Files</Filter>
    </ClInclude>
    <ClInclude Include="NDAllocator.h">
      <Filter>Header Files</Filter>
    </ClInclude>
    <ClInclude Include="Kernel.h">
      <Filter>Header Files\Kernels</Filter>
    </ClInclude>
    <ClInclude Include="KoAdd.h">
      <Filter>Header Files\Kernels</Filter>
    </ClInclude>
    <ClInclude Include="KoCat.h">
      <Filter>Header Files\Kernels</Filter>
    </ClInclude>
    <ClInclude Include="KoDot.h">
      <Filter>Header Files\Kernels</Filter>
    </ClInclude>
    <ClInclude Include="KoMul.h">
      <Filter>Header Files\Kernels</Filter>
    </ClInclude>
    <ClInclude Include="KoCrossEntropy.h">
      <Filter>Header Files\Kernels</Filter>
    </ClInclude>
    <ClInclude Include="KoMaskedFill.h">
      <Filter>Header Files\Kernels</Filter>
    </ClInclude>
    <ClInclude Include="KoDiv.h">
      <Filter>Header Files\Kernels</Filter>
    </ClInclude>
    <ClInclude Include="KoReshape.h">
      <Filter>Header Files\Kernels</Filter>
    </ClInclude>
    <ClInclude Include="KoExp.h">
      <Filter>Header Files\Kernels</Filter>
    </ClInclude>
    <ClInclude Include="KoSum.h">
      <Filter>Header Files\Kernels</Filter>
    </ClInclude>
    <ClInclude Include="KoNeg.h">
      <Filter>Header Files\Kernels</Filter>
    </ClInclude>
    <ClInclude Include="KoMean.h">
      <Filter>Header Files\Kernels</Filter>
    </ClInclude>
    <ClInclude Include="KoRelu.h">
      <Filter>Header Files\Kernels</Filter>
    </ClInclude>
    <ClInclude Include="KoGather.h">
      <Filter>Header Files\Kernels</Filter>
    </ClInclude>
    <ClInclude Include="KoSub.h">
      <Filter>Header Files\Kernels</Filter>
    </ClInclude>
    <ClInclude Include="KoIndexSelect.h">
      <Filter>Header Files\Kernels</Filter>
    </ClInclude>
    <ClInclude Include="KoPow.h">
      <Filter>Header Files\Kernels</Filter>
    </ClInclude>
    <ClInclude Include="KoDropout.h">
      <Filter>Header Files\Kernels</Filter>
    </ClInclude>
    <ClInclude Include="KoTranspose.h">
      <Filter>Header Files\Kernels</Filter>
    </ClInclude>
    <ClInclude Include="KoLog.h">
      <Filter>Header Files\Kernels</Filter>
    </ClInclude>
    <ClInclude Include="KoTanh.h">
      <Filter>Header Files\Kernels</Filter>
    </ClInclude>
    <ClInclude Include="KoRepeat.h">
      <Filter>Header Files\Kernels</Filter>
    </ClInclude>
    <ClInclude Include="KoSqueeze.h">
      <Filter>Header Files\Kernels</Filter>
    </ClInclude>
    <ClInclude Include="KoUnsqueeze.h">
      <Filter>Header Files\Kernels</Filter>
    </ClInclude>
    <ClInclude Include="KoSlice.h">
      <Filter>Header Files\Kernels</Filter>
    </ClInclude>
    <ClInclude Include="KoArgMax.h">
      <Filter>Header Files\Kernels</Filter>
    </ClInclude>
    <ClInclude Include="Tensors.h">
      <Filter>Header Files</Filter>
    </ClInclude>
    <ClInclude Include="KoMax.h">
      <Filter>Header Files\Kernels</Filter>
    </ClInclude>
    <ClInclude Include="Test_NDThreadPool.h">
      <Filter>Header Files\Test</Filter>
    </ClInclude>
    <ClInclude Include="TiledMatMul.h">
      <Filter>Header Files</Filter>
    </ClInclude>
  </ItemGroup>
  <ItemGroup>
    <Text Include="TestData\XeLogits.txt">
      <Filter>TestData</Filter>
    </Text>
    <Text Include="TestData\XeTargets.txt">
      <Filter>TestData</Filter>
    </Text>
    <Text Include="TestData\XeGradients.txt">
      <Filter>TestData</Filter>
    </Text>
  </ItemGroup>
</Project>